// !$*UTF8*$!
{
	archiveVersion = 1;
	classes = {
	};
	objectVersion = 46;
	objects = {

/* Begin PBXBuildFile section */
		61E739B21C3ECE6E00DEA6E8 /* main.m in Sources */ = {isa = PBXBuildFile; fileRef = 61E739B11C3ECE6E00DEA6E8 /* main.m */; };
		61E739B51C3ECE6E00DEA6E8 /* AppDelegate.m in Sources */ = {isa = PBXBuildFile; fileRef = 61E739B41C3ECE6E00DEA6E8 /* AppDelegate.m */; };
		61E739B81C3ECE6E00DEA6E8 /* ViewController.m in Sources */ = {isa = PBXBuildFile; fileRef = 61E739B71C3ECE6E00DEA6E8 /* ViewController.m */; };
		61E739BB1C3ECE6E00DEA6E8 /* Main.storyboard in Resources */ = {isa = PBXBuildFile; fileRef = 61E739B91C3ECE6E00DEA6E8 /* Main.storyboard */; };
		61E739BD1C3ECE6E00DEA6E8 /* Assets.xcassets in Resources */ = {isa = PBXBuildFile; fileRef = 61E739BC1C3ECE6E00DEA6E8 /* Assets.xcassets */; };
		61E739C01C3ECE6E00DEA6E8 /* LaunchScreen.storyboard in Resources */ = {isa = PBXBuildFile; fileRef = 61E739BE1C3ECE6E00DEA6E8 /* LaunchScreen.storyboard */; };
/* End PBXBuildFile section */

/* Begin PBXContainerItemProxy section */
		61E739CB1C3ECE9E00DEA6E8 /* PBXContainerItemProxy */ = {
			isa = PBXContainerItemProxy;
			containerPortal = 61E739C71C3ECE9E00DEA6E8 /* ej1.xcodeproj */;
			proxyType = 2;
			remoteGlobalIDString = 6107A7191C3E8F150070ED8D;
			remoteInfo = ej1;
		};
/* End PBXContainerItemProxy section */

/* Begin PBXFileReference section */
		61E739AD1C3ECE6E00DEA6E8 /* ej1b.app */ = {isa = PBXFileReference; explicitFileType = wrapper.application; includeInIndex = 0; path = ej1b.app; sourceTree = BUILT_PRODUCTS_DIR; };
		61E739B11C3ECE6E00DEA6E8 /* main.m */ = {isa = PBXFileReference; lastKnownFileType = sourcecode.c.objc; path = main.m; sourceTree = "<group>"; };
		61E739B31C3ECE6E00DEA6E8 /* AppDelegate.h */ = {isa = PBXFileReference; lastKnownFileType = sourcecode.c.h; path = AppDelegate.h; sourceTree = "<group>"; };
		61E739B41C3ECE6E00DEA6E8 /* AppDelegate.m */ = {isa = PBXFileReference; lastKnownFileType = sourcecode.c.objc; path = AppDelegate.m; sourceTree = "<group>"; };
		61E739B61C3ECE6E00DEA6E8 /* ViewController.h */ = {isa = PBXFileReference; lastKnownFileType = sourcecode.c.h; path = ViewController.h; sourceTree = "<group>"; };
		61E739B71C3ECE6E00DEA6E8 /* ViewController.m */ = {isa = PBXFileReference; lastKnownFileType = sourcecode.c.objc; path = ViewController.m; sourceTree = "<group>"; };
		61E739BA1C3ECE6E00DEA6E8 /* Base */ = {isa = PBXFileReference; lastKnownFileType = file.storyboard; name = Base; path = Base.lproj/Main.storyboard; sourceTree = "<group>"; };
		61E739BC1C3ECE6E00DEA6E8 /* Assets.xcassets */ = {isa = PBXFileReference; lastKnownFileType = folder.assetcatalog; path = Assets.xcassets; sourceTree = "<group>"; };
		61E739BF1C3ECE6E00DEA6E8 /* Base */ = {isa = PBXFileReference; lastKnownFileType = file.storyboard; name = Base; path = Base.lproj/LaunchScreen.storyboard; sourceTree = "<group>"; };
		61E739C11C3ECE6E00DEA6E8 /* Info.plist */ = {isa = PBXFileReference; lastKnownFileType = text.plist.xml; path = Info.plist; sourceTree = "<group>"; };
		61E739C71C3ECE9E00DEA6E8 /* ej1.xcodeproj */ = {isa = PBXFileReference; lastKnownFileType = "wrapper.pb-project"; name = ej1.xcodeproj; path = ../../ej1/ej1.xcodeproj; sourceTree = "<group>"; };
/* End PBXFileReference section */

/* Begin PBXFrameworksBuildPhase section */
		61E739AA1C3ECE6E00DEA6E8 /* Frameworks */ = {
			isa = PBXFrameworksBuildPhase;
			buildActionMask = 2147483647;
			files = (
			);
			runOnlyForDeploymentPostprocessing = 0;
		};
/* End PBXFrameworksBuildPhase section */

/* Begin PBXGroup section */
		61E739A41C3ECE6E00DEA6E8 = {
			isa = PBXGroup;
			children = (
				61E739C71C3ECE9E00DEA6E8 /* ej1.xcodeproj */,
				61E739AF1C3ECE6E00DEA6E8 /* ej1b */,
				61E739AE1C3ECE6E00DEA6E8 /* Products */,
			);
			sourceTree = "<group>";
		};
		61E739AE1C3ECE6E00DEA6E8 /* Products */ = {
			isa = PBXGroup;
			children = (
				61E739AD1C3ECE6E00DEA6E8 /* ej1b.app */,
			);
			name = Products;
			sourceTree = "<group>";
		};
		61E739AF1C3ECE6E00DEA6E8 /* ej1b */ = {
			isa = PBXGroup;
			children = (
				61E739B31C3ECE6E00DEA6E8 /* AppDelegate.h */,
				61E739B41C3ECE6E00DEA6E8 /* AppDelegate.m */,
				61E739B61C3ECE6E00DEA6E8 /* ViewController.h */,
				61E739B71C3ECE6E00DEA6E8 /* ViewController.m */,
				61E739B91C3ECE6E00DEA6E8 /* Main.storyboard */,
				61E739BC1C3ECE6E00DEA6E8 /* Assets.xcassets */,
				61E739BE1C3ECE6E00DEA6E8 /* LaunchScreen.storyboard */,
				61E739C11C3ECE6E00DEA6E8 /* Info.plist */,
				61E739B01C3ECE6E00DEA6E8 /* Supporting Files */,
			);
			path = ej1b;
			sourceTree = "<group>";
		};
		61E739B01C3ECE6E00DEA6E8 /* Supporting Files */ = {
			isa = PBXGroup;
			children = (
				61E739B11C3ECE6E00DEA6E8 /* main.m */,
			);
			name = "Supporting Files";
			sourceTree = "<group>";
		};
		61E739C81C3ECE9E00DEA6E8 /* Products */ = {
			isa = PBXGroup;
			children = (
				61E739CC1C3ECE9E00DEA6E8 /* ej1.app */,
			);
			name = Products;
			sourceTree = "<group>";
		};
/* End PBXGroup section */

/* Begin PBXNativeTarget section */
		61E739AC1C3ECE6E00DEA6E8 /* ej1b */ = {
			isa = PBXNativeTarget;
			buildConfigurationList = 61E739C41C3ECE6E00DEA6E8 /* Build configuration list for PBXNativeTarget "ej1b" */;
			buildPhases = (
				61E739A91C3ECE6E00DEA6E8 /* Sources */,
				61E739AA1C3ECE6E00DEA6E8 /* Frameworks */,
				61E739AB1C3ECE6E00DEA6E8 /* Resources */,
			);
			buildRules = (
			);
			dependencies = (
			);
			name = ej1b;
			productName = ej1b;
			productReference = 61E739AD1C3ECE6E00DEA6E8 /* ej1b.app */;
			productType = "com.apple.product-type.application";
		};
/* End PBXNativeTarget section */

/* Begin PBXProject section */
		61E739A51C3ECE6E00DEA6E8 /* Project object */ = {
			isa = PBXProject;
			attributes = {
				LastUpgradeCheck = 0720;
				ORGANIZATIONNAME = Dana;
				TargetAttributes = {
					61E739AC1C3ECE6E00DEA6E8 = {
						CreatedOnToolsVersion = 7.2;
					};
				};
			};
			buildConfigurationList = 61E739A81C3ECE6E00DEA6E8 /* Build configuration list for PBXProject "ej1b" */;
			compatibilityVersion = "Xcode 3.2";
			developmentRegion = English;
			hasScannedForEncodings = 0;
			knownRegions = (
				en,
				Base,
			);
			mainGroup = 61E739A41C3ECE6E00DEA6E8;
			productRefGroup = 61E739AE1C3ECE6E00DEA6E8 /* Products */;
			projectDirPath = "";
			projectReferences = (
				{
					ProductGroup = 61E739C81C3ECE9E00DEA6E8 /* Products */;
					ProjectRef = 61E739C71C3ECE9E00DEA6E8 /* ej1.xcodeproj */;
				},
			);
			projectRoot = "";
			targets = (
				61E739AC1C3ECE6E00DEA6E8 /* ej1b */,
			);
		};
/* End PBXProject section */

/* Begin PBXReferenceProxy section */
		61E739CC1C3ECE9E00DEA6E8 /* ej1.app */ = {
			isa = PBXReferenceProxy;
			fileType = wrapper.application;
			path = ej1.app;
			remoteRef = 61E739CB1C3ECE9E00DEA6E8 /* PBXContainerItemProxy */;
			sourceTree = BUILT_PRODUCTS_DIR;
		};
/* End PBXReferenceProxy section */

/* Begin PBXResourcesBuildPhase section */
		61E739AB1C3ECE6E00DEA6E8 /* Resources */ = {
			isa = PBXResourcesBuildPhase;
			buildActionMask = 2147483647;
			files = (
				61E739C01C3ECE6E00DEA6E8 /* LaunchScreen.storyboard in Resources */,
				61E739BD1C3ECE6E00DEA6E8 /* Assets.xcassets in Resources */,
				61E739BB1C3ECE6E00DEA6E8 /* Main.storyboard in Resources */,
			);
			runOnlyForDeploymentPostprocessing = 0;
		};
/* End PBXResourcesBuildPhase section */

/* Begin PBXSourcesBuildPhase section */
		61E739A91C3ECE6E00DEA6E8 /* Sources */ = {
			isa = PBXSourcesBuildPhase;
			buildActionMask = 2147483647;
			files = (
				61E739B81C3ECE6E00DEA6E8 /* ViewController.m in Sources */,
				61E739B51C3ECE6E00DEA6E8 /* AppDelegate.m in Sources */,
				61E739B21C3ECE6E00DEA6E8 /* main.m in Sources */,
			);
			runOnlyForDeploymentPostprocessing = 0;
		};
/* End PBXSourcesBuildPhase section */

/* Begin PBXVariantGroup section */
		61E739B91C3ECE6E00DEA6E8 /* Main.storyboard */ = {
			isa = PBXVariantGroup;
			children = (
				61E739BA1C3ECE6E00DEA6E8 /* Base */,
			);
			name = Main.storyboard;
			sourceTree = "<group>";
		};
		61E739BE1C3ECE6E00DEA6E8 /* LaunchScreen.storyboard */ = {
			isa = PBXVariantGroup;
			children = (
				61E739BF1C3ECE6E00DEA6E8 /* Base */,
			);
			name = LaunchScreen.storyboard;
			sourceTree = "<group>";
		};
/* End PBXVariantGroup section */

/* Begin XCBuildConfiguration section */
		61E739C21C3ECE6E00DEA6E8 /* Debug */ = {
			isa = XCBuildConfiguration;
			buildSettings = {
				ALWAYS_SEARCH_USER_PATHS = NO;
				CLANG_CXX_LANGUAGE_STANDARD = "gnu++0x";
				CLANG_CXX_LIBRARY = "libc++";
				CLANG_ENABLE_MODULES = YES;
				CLANG_ENABLE_OBJC_ARC = YES;
				CLANG_WARN_BOOL_CONVERSION = YES;
				CLANG_WARN_CONSTANT_CONVERSION = YES;
				CLANG_WARN_DIRECT_OBJC_ISA_USAGE = YES_ERROR;
				CLANG_WARN_EMPTY_BODY = YES;
				CLANG_WARN_ENUM_CONVERSION = YES;
				CLANG_WARN_INT_CONVERSION = YES;
				CLANG_WARN_OBJC_ROOT_CLASS = YES_ERROR;
				CLANG_WARN_UNREACHABLE_CODE = YES;
				CLANG_WARN__DUPLICATE_METHOD_MATCH = YES;
				"CODE_SIGN_IDENTITY[sdk=iphoneos*]" = "iPhone Developer";
				COPY_PHASE_STRIP = NO;
				DEBUG_INFORMATION_FORMAT = dwarf;
				ENABLE_STRICT_OBJC_MSGSEND = YES;
				ENABLE_TESTABILITY = YES;
				GCC_C_LANGUAGE_STANDARD = gnu99;
				GCC_DYNAMIC_NO_PIC = NO;
				GCC_NO_COMMON_BLOCKS = YES;
				GCC_OPTIMIZATION_LEVEL = 0;
				GCC_PREPROCESSOR_DEFINITIONS = (
					"DEBUG=1",
					"$(inherited)",
				);
				GCC_WARN_64_TO_32_BIT_CONVERSION = YES;
				GCC_WARN_ABOUT_RETURN_TYPE = YES_ERROR;
				GCC_WARN_UNDECLARED_SELECTOR = YES;
				GCC_WARN_UNINITIALIZED_AUTOS = YES_AGGRESSIVE;
				GCC_WARN_UNUSED_FUNCTION = YES;
				GCC_WARN_UNUSED_VARIABLE = YES;
				IPHONEOS_DEPLOYMENT_TARGET = 9.2;
				MTL_ENABLE_DEBUG_INFO = YES;
				ONLY_ACTIVE_ARCH = YES;
				SDKROOT = iphoneos;
			};
			name = Debug;
		};
		61E739C31C3ECE6E00DEA6E8 /* Release */ = {
			isa = XCBuildConfiguration;
			buildSettings = {
				ALWAYS_SEARCH_USER_PATHS = NO;
				CLANG_CXX_LANGUAGE_STANDARD = "gnu++0x";
				CLANG_CXX_LIBRARY = "libc++";
				CLANG_ENABLE_MODULES = YES;
				CLANG_ENABLE_OBJC_ARC = YES;
				CLANG_WARN_BOOL_CONVERSION = YES;
				CLANG_WARN_CONSTANT_CONVERSION = YES;
				CLANG_WARN_DIRECT_OBJC_ISA_USAGE = YES_ERROR;
				CLANG_WARN_EMPTY_BODY = YES;
				CLANG_WARN_ENUM_CONVERSION = YES;
				CLANG_WARN_INT_CONVERSION = YES;
				CLANG_WARN_OBJC_ROOT_CLASS = YES_ERROR;
				CLANG_WARN_UNREACHABLE_CODE = YES;
				CLANG_WARN__DUPLICATE_METHOD_MATCH = YES;
				"CODE_SIGN_IDENTITY[sdk=iphoneos*]" = "iPhone Developer";
				COPY_PHASE_STRIP = NO;
				DEBUG_INFORMATION_FORMAT = "dwarf-with-dsym";
				ENABLE_NS_ASSERTIONS = NO;
				ENABLE_STRICT_OBJC_MSGSEND = YES;
				GCC_C_LANGUAGE_STANDARD = gnu99;
				GCC_NO_COMMON_BLOCKS = YES;
				GCC_WARN_64_TO_32_BIT_CONVERSION = YES;
				GCC_WARN_ABOUT_RETURN_TYPE = YES_ERROR;
				GCC_WARN_UNDECLARED_SELECTOR = YES;
				GCC_WARN_UNINITIALIZED_AUTOS = YES_AGGRESSIVE;
				GCC_WARN_UNUSED_FUNCTION = YES;
				GCC_WARN_UNUSED_VARIABLE = YES;
				IPHONEOS_DEPLOYMENT_TARGET = 9.2;
				MTL_ENABLE_DEBUG_INFO = NO;
				SDKROOT = iphoneos;
				VALIDATE_PRODUCT = YES;
			};
			name = Release;
		};
		61E739C51C3ECE6E00DEA6E8 /* Debug */ = {
			isa = XCBuildConfiguration;
			buildSettings = {
				ASSETCATALOG_COMPILER_APPICON_NAME = AppIcon;
				INFOPLIST_FILE = ej1b/Info.plist;
				IPHONEOS_DEPLOYMENT_TARGET = 9.0;
				LD_RUNPATH_SEARCH_PATHS = "$(inherited) @executable_path/Frameworks";
				PRODUCT_BUNDLE_IDENTIFIER = dtilve.ej1b;
				PRODUCT_NAME = "$(TARGET_NAME)";
			};
			name = Debug;
		};
		61E739C61C3ECE6E00DEA6E8 /* Release */ = {
			isa = XCBuildConfiguration;
			buildSettings = {
				ASSETCATALOG_COMPILER_APPICON_NAME = AppIcon;
				INFOPLIST_FILE = ej1b/Info.plist;
				IPHONEOS_DEPLOYMENT_TARGET = 9.0;
				LD_RUNPATH_SEARCH_PATHS = "$(inherited) @executable_path/Frameworks";
				PRODUCT_BUNDLE_IDENTIFIER = dtilve.ej1b;
				PRODUCT_NAME = "$(TARGET_NAME)";
			};
			name = Release;
		};
/* End XCBuildConfiguration section */

/* Begin XCConfigurationList section */
		61E739A81C3ECE6E00DEA6E8 /* Build configuration list for PBXProject "ej1b" */ = {
			isa = XCConfigurationList;
			buildConfigurations = (
				61E739C21C3ECE6E00DEA6E8 /* Debug */,
				61E739C31C3ECE6E00DEA6E8 /* Release */,
			);
			defaultConfigurationIsVisible = 0;
			defaultConfigurationName = Release;
		};
		61E739C41C3ECE6E00DEA6E8 /* Build configuration list for PBXNativeTarget "ej1b" */ = {
			isa = XCConfigurationList;
			buildConfigurations = (
				61E739C51C3ECE6E00DEA6E8 /* Debug */,
				61E739C61C3ECE6E00DEA6E8 /* Release */,
			);
			defaultConfigurationIsVisible = 0;
			defaultConfigurationName = Release;
		};
/* End XCConfigurationList section */
	};
	rootObject = 61E739A51C3ECE6E00DEA6E8 /* Project object */;
}
